
Microsoft Visual Studio Solution File, Format Version 12.00
# Visual Studio Version 17
VisualStudioVersion = 17.1.32328.378
MinimumVisualStudioVersion = 10.0.40219.1
Project("{FAE04EC0-301F-11D3-BF4B-00C04F79EFBC}") = "budgetApp", "budgetApp\budgetApp.csproj", "{39158ED0-5EE3-4AE1-8455-33440F29CC4B}"
EndProject
Global
	GlobalSection(SolutionConfigurationPlatforms) = preSolution
		Debug|Any CPU = Debug|Any CPU
		Release|Any CPU = Release|Any CPU
	EndGlobalSection
	GlobalSection(ProjectConfigurationPlatforms) = postSolution
		{39158ED0-5EE3-4AE1-8455-33440F29CC4B}.Debug|Any CPU.ActiveCfg = Debug|Any CPU
		{39158ED0-5EE3-4AE1-8455-33440F29CC4B}.Debug|Any CPU.Build.0 = Debug|Any CPU
		{39158ED0-5EE3-4AE1-8455-33440F29CC4B}.Release|Any CPU.ActiveCfg = Release|Any CPU
		{39158ED0-5EE3-4AE1-8455-33440F29CC4B}.Release|Any CPU.Build.0 = Release|Any CPU
	EndGlobalSection
	GlobalSection(SolutionProperties) = preSolution
		HideSolutionNode = FALSE
	EndGlobalSection
	GlobalSection(ExtensibilityGlobals) = postSolution
		SolutionGuid = {ABD3915F-8E12-489F-9683-0F55A450C90A}
	EndGlobalSection
EndGlobal
